
Microsoft Visual Studio Solution File, Format Version 12.00
# Visual Studio Version 17
VisualStudioVersion = 17.14.36221.1
MinimumVisualStudioVersion = 10.0.40219.1
Project("{FAE04EC0-301F-11D3-BF4B-00C04F79EFBC}") = "Languages_Types", "Languages_Types.csproj", "{DC7F2253-DD51-413F-9691-98BC0535E8E7}"
EndProject
Project("{FAE04EC0-301F-11D3-BF4B-00C04F79EFBC}") = "HttpClientApp", "..\HttpClientApp\HttpClientApp.csproj", "{F39BF087-D0EE-40D1-933F-B88CCDDACCB5}"
EndProject
Global
	GlobalSection(SolutionConfigurationPlatforms) = preSolution
		Debug|Any CPU = Debug|Any CPU
		Release|Any CPU = Release|Any CPU
	EndGlobalSection
	GlobalSection(ProjectConfigurationPlatforms) = postSolution
		{DC7F2253-DD51-413F-9691-98BC0535E8E7}.Debug|Any CPU.ActiveCfg = Debug|Any CPU
		{DC7F2253-DD51-413F-9691-98BC0535E8E7}.Debug|Any CPU.Build.0 = Debug|Any CPU
		{DC7F2253-DD51-413F-9691-98BC0535E8E7}.Release|Any CPU.ActiveCfg = Release|Any CPU
		{DC7F2253-DD51-413F-9691-98BC0535E8E7}.Release|Any CPU.Build.0 = Release|Any CPU
		{F39BF087-D0EE-40D1-933F-B88CCDDACCB5}.Debug|Any CPU.ActiveCfg = Debug|Any CPU
		{F39BF087-D0EE-40D1-933F-B88CCDDACCB5}.Debug|Any CPU.Build.0 = Debug|Any CPU
		{F39BF087-D0EE-40D1-933F-B88CCDDACCB5}.Release|Any CPU.ActiveCfg = Release|Any CPU
		{F39BF087-D0EE-40D1-933F-B88CCDDACCB5}.Release|Any CPU.Build.0 = Release|Any CPU
	EndGlobalSection
	GlobalSection(SolutionProperties) = preSolution
		HideSolutionNode = FALSE
	EndGlobalSection
	GlobalSection(ExtensibilityGlobals) = postSolution
		SolutionGuid = {302957F9-9345-4655-9361-CF9EB2E60C93}
	EndGlobalSection
EndGlobal
